
Microsoft Visual Studio Solution File, Format Version 12.00
# Visual Studio Version 17
VisualStudioVersion = 17.2.32526.322
MinimumVisualStudioVersion = 10.0.40219.1
Project("{FAE04EC0-301F-11D3-BF4B-00C04F79EFBC}") = "SamsGeneralStore.UI.MVC", "SamsGeneralStore.UI.MVC\SamsGeneralStore.UI.MVC.csproj", "{AF9AA1F6-7245-4E2D-8FD9-6EC0EBFC0070}"
EndProject
Project("{FAE04EC0-301F-11D3-BF4B-00C04F79EFBC}") = "SamsGeneralStore.DATA.EF", "SamsGeneralStore.DATA.EF\SamsGeneralStore.DATA.EF.csproj", "{C88BA816-1D72-47E5-B952-A237E7A20ED6}"
EndProject
Global
	GlobalSection(SolutionConfigurationPlatforms) = preSolution
		Debug|Any CPU = Debug|Any CPU
		Release|Any CPU = Release|Any CPU
	EndGlobalSection
	GlobalSection(ProjectConfigurationPlatforms) = postSolution
		{AF9AA1F6-7245-4E2D-8FD9-6EC0EBFC0070}.Debug|Any CPU.ActiveCfg = Debug|Any CPU
		{AF9AA1F6-7245-4E2D-8FD9-6EC0EBFC0070}.Debug|Any CPU.Build.0 = Debug|Any CPU
		{AF9AA1F6-7245-4E2D-8FD9-6EC0EBFC0070}.Release|Any CPU.ActiveCfg = Release|Any CPU
		{AF9AA1F6-7245-4E2D-8FD9-6EC0EBFC0070}.Release|Any CPU.Build.0 = Release|Any CPU
		{C88BA816-1D72-47E5-B952-A237E7A20ED6}.Debug|Any CPU.ActiveCfg = Debug|Any CPU
		{C88BA816-1D72-47E5-B952-A237E7A20ED6}.Debug|Any CPU.Build.0 = Debug|Any CPU
		{C88BA816-1D72-47E5-B952-A237E7A20ED6}.Release|Any CPU.ActiveCfg = Release|Any CPU
		{C88BA816-1D72-47E5-B952-A237E7A20ED6}.Release|Any CPU.Build.0 = Release|Any CPU
	EndGlobalSection
	GlobalSection(SolutionProperties) = preSolution
		HideSolutionNode = FALSE
	EndGlobalSection
	GlobalSection(ExtensibilityGlobals) = postSolution
		SolutionGuid = {D8FF5BC2-ED8D-489C-91E7-023DBB784D84}
	EndGlobalSection
EndGlobal
